
Microsoft Visual Studio Solution File, Format Version 12.00
# Visual Studio Version 17
VisualStudioVersion = 17.4.33213.308
MinimumVisualStudioVersion = 10.0.40219.1
Project("{FAE04EC0-301F-11D3-BF4B-00C04F79EFBC}") = "ReservationsAPI", "ReservationsAPI\ReservationsAPI.csproj", "{3554E5C9-B7F2-4C6A-9867-5DA43C413753}"
EndProject
Global
	GlobalSection(SolutionConfigurationPlatforms) = preSolution
		Debug|Any CPU = Debug|Any CPU
		Release|Any CPU = Release|Any CPU
	EndGlobalSection
	GlobalSection(ProjectConfigurationPlatforms) = postSolution
		{3554E5C9-B7F2-4C6A-9867-5DA43C413753}.Debug|Any CPU.ActiveCfg = Debug|Any CPU
		{3554E5C9-B7F2-4C6A-9867-5DA43C413753}.Debug|Any CPU.Build.0 = Debug|Any CPU
		{3554E5C9-B7F2-4C6A-9867-5DA43C413753}.Release|Any CPU.ActiveCfg = Release|Any CPU
		{3554E5C9-B7F2-4C6A-9867-5DA43C413753}.Release|Any CPU.Build.0 = Release|Any CPU
	EndGlobalSection
	GlobalSection(SolutionProperties) = preSolution
		HideSolutionNode = FALSE
	EndGlobalSection
	GlobalSection(ExtensibilityGlobals) = postSolution
		SolutionGuid = {C4D56B1D-32B2-43C4-A542-B6F6FD7175EA}
	EndGlobalSection
EndGlobal
